
Microsoft Visual Studio Solution File, Format Version 12.00
# Visual Studio Version 17
VisualStudioVersion = 17.3.32929.385
MinimumVisualStudioVersion = 10.0.40219.1
Project("{FAE04EC0-301F-11D3-BF4B-00C04F79EFBC}") = "MyClasses", "MyClasses\MyClasses.csproj", "{CE8D6934-5FB3-4F32-8581-CB834E04BF64}"
EndProject
Project("{FAE04EC0-301F-11D3-BF4B-00C04F79EFBC}") = "MyClassesTest", "MyClassesTest\MyClassesTest.csproj", "{FC42D1CA-BEA5-4153-9FA5-1D0309519DAF}"
EndProject
Global
	GlobalSection(SolutionConfigurationPlatforms) = preSolution
		Debug|Any CPU = Debug|Any CPU
		Release|Any CPU = Release|Any CPU
	EndGlobalSection
	GlobalSection(ProjectConfigurationPlatforms) = postSolution
		{CE8D6934-5FB3-4F32-8581-CB834E04BF64}.Debug|Any CPU.ActiveCfg = Debug|Any CPU
		{CE8D6934-5FB3-4F32-8581-CB834E04BF64}.Debug|Any CPU.Build.0 = Debug|Any CPU
		{CE8D6934-5FB3-4F32-8581-CB834E04BF64}.Release|Any CPU.ActiveCfg = Release|Any CPU
		{CE8D6934-5FB3-4F32-8581-CB834E04BF64}.Release|Any CPU.Build.0 = Release|Any CPU
		{FC42D1CA-BEA5-4153-9FA5-1D0309519DAF}.Debug|Any CPU.ActiveCfg = Debug|Any CPU
		{FC42D1CA-BEA5-4153-9FA5-1D0309519DAF}.Debug|Any CPU.Build.0 = Debug|Any CPU
		{FC42D1CA-BEA5-4153-9FA5-1D0309519DAF}.Release|Any CPU.ActiveCfg = Release|Any CPU
		{FC42D1CA-BEA5-4153-9FA5-1D0309519DAF}.Release|Any CPU.Build.0 = Release|Any CPU
	EndGlobalSection
	GlobalSection(SolutionProperties) = preSolution
		HideSolutionNode = FALSE
	EndGlobalSection
	GlobalSection(ExtensibilityGlobals) = postSolution
		SolutionGuid = {19184D13-6BAE-45FD-A1A1-561069B1EE99}
	EndGlobalSection
EndGlobal
